// !$*UTF8*$!
{
	archiveVersion = 1;
	classes = {
	};
	objectVersion = 46;
	objects = {

/* Begin PBXBuildFile section */
		FE1A596B1AAFE32500CF37AA /* main.m in Sources */ = {isa = PBXBuildFile; fileRef = FE1A596A1AAFE32500CF37AA /* main.m */; };
		FE1A596E1AAFE32500CF37AA /* AppDelegate.m in Sources */ = {isa = PBXBuildFile; fileRef = FE1A596D1AAFE32500CF37AA /* AppDelegate.m */; };
		FE1A59711AAFE32500CF37AA /* ViewController.m in Sources */ = {isa = PBXBuildFile; fileRef = FE1A59701AAFE32500CF37AA /* ViewController.m */; };
		FE1A59741AAFE32500CF37AA /* Main.storyboard in Resources */ = {isa = PBXBuildFile; fileRef = FE1A59721AAFE32500CF37AA /* Main.storyboard */; };
		FE1A59761AAFE32500CF37AA /* Images.xcassets in Resources */ = {isa = PBXBuildFile; fileRef = FE1A59751AAFE32500CF37AA /* Images.xcassets */; };
		FE1A59791AAFE32500CF37AA /* LaunchScreen.xib in Resources */ = {isa = PBXBuildFile; fileRef = FE1A59771AAFE32500CF37AA /* LaunchScreen.xib */; };
		FE1A59851AAFE32600CF37AA /* NeuLocalTests.m in Sources */ = {isa = PBXBuildFile; fileRef = FE1A59841AAFE32600CF37AA /* NeuLocalTests.m */; };
/* End PBXBuildFile section */

/* Begin PBXContainerItemProxy section */
		FE1A597F1AAFE32600CF37AA /* PBXContainerItemProxy */ = {
			isa = PBXContainerItemProxy;
			containerPortal = FE1A595D1AAFE32500CF37AA /* Project object */;
			proxyType = 1;
			remoteGlobalIDString = FE1A59641AAFE32500CF37AA;
			remoteInfo = NeuLocal;
		};
/* End PBXContainerItemProxy section */

/* Begin PBXFileReference section */
		FE1A59651AAFE32500CF37AA /* NeuLocal.app */ = {isa = PBXFileReference; explicitFileType = wrapper.application; includeInIndex = 0; path = NeuLocal.app; sourceTree = BUILT_PRODUCTS_DIR; };
		FE1A59691AAFE32500CF37AA /* Info.plist */ = {isa = PBXFileReference; lastKnownFileType = text.plist.xml; path = Info.plist; sourceTree = "<group>"; };
		FE1A596A1AAFE32500CF37AA /* main.m */ = {isa = PBXFileReference; lastKnownFileType = sourcecode.c.objc; path = main.m; sourceTree = "<group>"; };
		FE1A596C1AAFE32500CF37AA /* AppDelegate.h */ = {isa = PBXFileReference; lastKnownFileType = sourcecode.c.h; path = AppDelegate.h; sourceTree = "<group>"; };
		FE1A596D1AAFE32500CF37AA /* AppDelegate.m */ = {isa = PBXFileReference; lastKnownFileType = sourcecode.c.objc; path = AppDelegate.m; sourceTree = "<group>"; };
		FE1A596F1AAFE32500CF37AA /* ViewController.h */ = {isa = PBXFileReference; lastKnownFileType = sourcecode.c.h; path = ViewController.h; sourceTree = "<group>"; };
		FE1A59701AAFE32500CF37AA /* ViewController.m */ = {isa = PBXFileReference; lastKnownFileType = sourcecode.c.objc; path = ViewController.m; sourceTree = "<group>"; };
		FE1A59731AAFE32500CF37AA /* Base */ = {isa = PBXFileReference; lastKnownFileType = file.storyboard; name = Base; path = Base.lproj/Main.storyboard; sourceTree = "<group>"; };
		FE1A59751AAFE32500CF37AA /* Images.xcassets */ = {isa = PBXFileReference; lastKnownFileType = folder.assetcatalog; path = Images.xcassets; sourceTree = "<group>"; };
		FE1A59781AAFE32500CF37AA /* Base */ = {isa = PBXFileReference; lastKnownFileType = file.xib; name = Base; path = Base.lproj/LaunchScreen.xib; sourceTree = "<group>"; };
		FE1A597E1AAFE32600CF37AA /* NeuLocalTests.xctest */ = {isa = PBXFileReference; explicitFileType = wrapper.cfbundle; includeInIndex = 0; path = NeuLocalTests.xctest; sourceTree = BUILT_PRODUCTS_DIR; };
		FE1A59831AAFE32600CF37AA /* Info.plist */ = {isa = PBXFileReference; lastKnownFileType = text.plist.xml; path = Info.plist; sourceTree = "<group>"; };
		FE1A59841AAFE32600CF37AA /* NeuLocalTests.m */ = {isa = PBXFileReference; lastKnownFileType = sourcecode.c.objc; path = NeuLocalTests.m; sourceTree = "<group>"; };
/* End PBXFileReference section */

/* Begin PBXFrameworksBuildPhase section */
		FE1A59621AAFE32500CF37AA /* Frameworks */ = {
			isa = PBXFrameworksBuildPhase;
			buildActionMask = 2147483647;
			files = (
			);
			runOnlyForDeploymentPostprocessing = 0;
		};
		FE1A597B1AAFE32600CF37AA /* Frameworks */ = {
			isa = PBXFrameworksBuildPhase;
			buildActionMask = 2147483647;
			files = (
			);
			runOnlyForDeploymentPostprocessing = 0;
		};
/* End PBXFrameworksBuildPhase section */

/* Begin PBXGroup section */
		FE1A595C1AAFE32500CF37AA = {
			isa = PBXGroup;
			children = (
				FE1A59671AAFE32500CF37AA /* NeuLocal */,
				FE1A59811AAFE32600CF37AA /* NeuLocalTests */,
				FE1A59661AAFE32500CF37AA /* Products */,
			);
			sourceTree = "<group>";
		};
		FE1A59661AAFE32500CF37AA /* Products */ = {
			isa = PBXGroup;
			children = (
				FE1A59651AAFE32500CF37AA /* NeuLocal.app */,
				FE1A597E1AAFE32600CF37AA /* NeuLocalTests.xctest */,
			);
			name = Products;
			sourceTree = "<group>";
		};
		FE1A59671AAFE32500CF37AA /* NeuLocal */ = {
			isa = PBXGroup;
			children = (
				FE1A596C1AAFE32500CF37AA /* AppDelegate.h */,
				FE1A596D1AAFE32500CF37AA /* AppDelegate.m */,
				FE1A596F1AAFE32500CF37AA /* ViewController.h */,
				FE1A59701AAFE32500CF37AA /* ViewController.m */,
				FE1A59721AAFE32500CF37AA /* Main.storyboard */,
				FE1A59751AAFE32500CF37AA /* Images.xcassets */,
				FE1A59771AAFE32500CF37AA /* LaunchScreen.xib */,
				FE1A59681AAFE32500CF37AA /* Supporting Files */,
			);
			path = NeuLocal;
			sourceTree = "<group>";
		};
		FE1A59681AAFE32500CF37AA /* Supporting Files */ = {
			isa = PBXGroup;
			children = (
				FE1A59691AAFE32500CF37AA /* Info.plist */,
				FE1A596A1AAFE32500CF37AA /* main.m */,
			);
			name = "Supporting Files";
			sourceTree = "<group>";
		};
		FE1A59811AAFE32600CF37AA /* NeuLocalTests */ = {
			isa = PBXGroup;
			children = (
				FE1A59841AAFE32600CF37AA /* NeuLocalTests.m */,
				FE1A59821AAFE32600CF37AA /* Supporting Files */,
			);
			path = NeuLocalTests;
			sourceTree = "<group>";
		};
		FE1A59821AAFE32600CF37AA /* Supporting Files */ = {
			isa = PBXGroup;
			children = (
				FE1A59831AAFE32600CF37AA /* Info.plist */,
			);
			name = "Supporting Files";
			sourceTree = "<group>";
		};
/* End PBXGroup section */

/* Begin PBXNativeTarget section */
		FE1A59641AAFE32500CF37AA /* NeuLocal */ = {
			isa = PBXNativeTarget;
			buildConfigurationList = FE1A59881AAFE32600CF37AA /* Build configuration list for PBXNativeTarget "NeuLocal" */;
			buildPhases = (
				FE1A59611AAFE32500CF37AA /* Sources */,
				FE1A59621AAFE32500CF37AA /* Frameworks */,
				FE1A59631AAFE32500CF37AA /* Resources */,
			);
			buildRules = (
			);
			dependencies = (
			);
			name = NeuLocal;
			productName = NeuLocal;
			productReference = FE1A59651AAFE32500CF37AA /* NeuLocal.app */;
			productType = "com.apple.product-type.application";
		};
		FE1A597D1AAFE32600CF37AA /* NeuLocalTests */ = {
			isa = PBXNativeTarget;
			buildConfigurationList = FE1A598B1AAFE32600CF37AA /* Build configuration list for PBXNativeTarget "NeuLocalTests" */;
			buildPhases = (
				FE1A597A1AAFE32600CF37AA /* Sources */,
				FE1A597B1AAFE32600CF37AA /* Frameworks */,
				FE1A597C1AAFE32600CF37AA /* Resources */,
			);
			buildRules = (
			);
			dependencies = (
				FE1A59801AAFE32600CF37AA /* PBXTargetDependency */,
			);
			name = NeuLocalTests;
			productName = NeuLocalTests;
			productReference = FE1A597E1AAFE32600CF37AA /* NeuLocalTests.xctest */;
			productType = "com.apple.product-type.bundle.unit-test";
		};
/* End PBXNativeTarget section */

/* Begin PBXProject section */
		FE1A595D1AAFE32500CF37AA /* Project object */ = {
			isa = PBXProject;
			attributes = {
				LastUpgradeCheck = 0610;
				ORGANIZATIONNAME = Nexgen;
				TargetAttributes = {
					FE1A59641AAFE32500CF37AA = {
						CreatedOnToolsVersion = 6.1;
					};
					FE1A597D1AAFE32600CF37AA = {
						CreatedOnToolsVersion = 6.1;
						TestTargetID = FE1A59641AAFE32500CF37AA;
					};
				};
			};
			buildConfigurationList = FE1A59601AAFE32500CF37AA /* Build configuration list for PBXProject "NeuLocal" */;
			compatibilityVersion = "Xcode 3.2";
			developmentRegion = English;
			hasScannedForEncodings = 0;
			knownRegions = (
				en,
				Base,
			);
			mainGroup = FE1A595C1AAFE32500CF37AA;
			productRefGroup = FE1A59661AAFE32500CF37AA /* Products */;
			projectDirPath = "";
			projectRoot = "";
			targets = (
				FE1A59641AAFE32500CF37AA /* NeuLocal */,
				FE1A597D1AAFE32600CF37AA /* NeuLocalTests */,
			);
		};
/* End PBXProject section */

/* Begin PBXResourcesBuildPhase section */
		FE1A59631AAFE32500CF37AA /* Resources */ = {
			isa = PBXResourcesBuildPhase;
			buildActionMask = 2147483647;
			files = (
				FE1A59741AAFE32500CF37AA /* Main.storyboard in Resources */,
				FE1A59791AAFE32500CF37AA /* LaunchScreen.xib in Resources */,
				FE1A59761AAFE32500CF37AA /* Images.xcassets in Resources */,
			);
			runOnlyForDeploymentPostprocessing = 0;
		};
		FE1A597C1AAFE32600CF37AA /* Resources */ = {
			isa = PBXResourcesBuildPhase;
			buildActionMask = 2147483647;
			files = (
			);
			runOnlyForDeploymentPostprocessing = 0;
		};
/* End PBXResourcesBuildPhase section */

/* Begin PBXSourcesBuildPhase section */
		FE1A59611AAFE32500CF37AA /* Sources */ = {
			isa = PBXSourcesBuildPhase;
			buildActionMask = 2147483647;
			files = (
				FE1A59711AAFE32500CF37AA /* ViewController.m in Sources */,
				FE1A596E1AAFE32500CF37AA /* AppDelegate.m in Sources */,
				FE1A596B1AAFE32500CF37AA /* main.m in Sources */,
			);
			runOnlyForDeploymentPostprocessing = 0;
		};
		FE1A597A1AAFE32600CF37AA /* Sources */ = {
			isa = PBXSourcesBuildPhase;
			buildActionMask = 2147483647;
			files = (
				FE1A59851AAFE32600CF37AA /* NeuLocalTests.m in Sources */,
			);
			runOnlyForDeploymentPostprocessing = 0;
		};
/* End PBXSourcesBuildPhase section */

/* Begin PBXTargetDependency section */
		FE1A59801AAFE32600CF37AA /* PBXTargetDependency */ = {
			isa = PBXTargetDependency;
			target = FE1A59641AAFE32500CF37AA /* NeuLocal */;
			targetProxy = FE1A597F1AAFE32600CF37AA /* PBXContainerItemProxy */;
		};
/* End PBXTargetDependency section */

/* Begin PBXVariantGroup section */
		FE1A59721AAFE32500CF37AA /* Main.storyboard */ = {
			isa = PBXVariantGroup;
			children = (
				FE1A59731AAFE32500CF37AA /* Base */,
			);
			name = Main.storyboard;
			sourceTree = "<group>";
		};
		FE1A59771AAFE32500CF37AA /* LaunchScreen.xib */ = {
			isa = PBXVariantGroup;
			children = (
				FE1A59781AAFE32500CF37AA /* Base */,
			);
			name = LaunchScreen.xib;
			sourceTree = "<group>";
		};
/* End PBXVariantGroup section */

/* Begin XCBuildConfiguration section */
		FE1A59861AAFE32600CF37AA /* Debug */ = {
			isa = XCBuildConfiguration;
			buildSettings = {
				ALWAYS_SEARCH_USER_PATHS = NO;
				CLANG_CXX_LANGUAGE_STANDARD = "gnu++0x";
				CLANG_CXX_LIBRARY = "libc++";
				CLANG_ENABLE_MODULES = YES;
				CLANG_ENABLE_OBJC_ARC = YES;
				CLANG_WARN_BOOL_CONVERSION = YES;
				CLANG_WARN_CONSTANT_CONVERSION = YES;
				CLANG_WARN_DIRECT_OBJC_ISA_USAGE = YES_ERROR;
				CLANG_WARN_EMPTY_BODY = YES;
				CLANG_WARN_ENUM_CONVERSION = YES;
				CLANG_WARN_INT_CONVERSION = YES;
				CLANG_WARN_OBJC_ROOT_CLASS = YES_ERROR;
				CLANG_WARN_UNREACHABLE_CODE = YES;
				CLANG_WARN__DUPLICATE_METHOD_MATCH = YES;
				"CODE_SIGN_IDENTITY[sdk=iphoneos*]" = "iPhone Developer";
				COPY_PHASE_STRIP = NO;
				ENABLE_STRICT_OBJC_MSGSEND = YES;
				GCC_C_LANGUAGE_STANDARD = gnu99;
				GCC_DYNAMIC_NO_PIC = NO;
				GCC_OPTIMIZATION_LEVEL = 0;
				GCC_PREPROCESSOR_DEFINITIONS = (
					"DEBUG=1",
					"$(inherited)",
				);
				GCC_SYMBOLS_PRIVATE_EXTERN = NO;
				GCC_WARN_64_TO_32_BIT_CONVERSION = YES;
				GCC_WARN_ABOUT_RETURN_TYPE = YES_ERROR;
				GCC_WARN_UNDECLARED_SELECTOR = YES;
				GCC_WARN_UNINITIALIZED_AUTOS = YES_AGGRESSIVE;
				GCC_WARN_UNUSED_FUNCTION = YES;
				GCC_WARN_UNUSED_VARIABLE = YES;
				IPHONEOS_DEPLOYMENT_TARGET = 8.1;
				MTL_ENABLE_DEBUG_INFO = YES;
				ONLY_ACTIVE_ARCH = YES;
				SDKROOT = iphoneos;
			};
			name = Debug;
		};
		FE1A59871AAFE32600CF37AA /* Release */ = {
			isa = XCBuildConfiguration;
			buildSettings = {
				ALWAYS_SEARCH_USER_PATHS = NO;
				CLANG_CXX_LANGUAGE_STANDARD = "gnu++0x";
				CLANG_CXX_LIBRARY = "libc++";
				CLANG_ENABLE_MODULES = YES;
				CLANG_ENABLE_OBJC_ARC = YES;
				CLANG_WARN_BOOL_CONVERSION = YES;
				CLANG_WARN_CONSTANT_CONVERSION = YES;
				CLANG_WARN_DIRECT_OBJC_ISA_USAGE = YES_ERROR;
				CLANG_WARN_EMPTY_BODY = YES;
				CLANG_WARN_ENUM_CONVERSION = YES;
				CLANG_WARN_INT_CONVERSION = YES;
				CLANG_WARN_OBJC_ROOT_CLASS = YES_ERROR;
				CLANG_WARN_UNREACHABLE_CODE = YES;
				CLANG_WARN__DUPLICATE_METHOD_MATCH = YES;
				"CODE_SIGN_IDENTITY[sdk=iphoneos*]" = "iPhone Developer";
				COPY_PHASE_STRIP = YES;
				ENABLE_NS_ASSERTIONS = NO;
				ENABLE_STRICT_OBJC_MSGSEND = YES;
				GCC_C_LANGUAGE_STANDARD = gnu99;
				GCC_WARN_64_TO_32_BIT_CONVERSION = YES;
				GCC_WARN_ABOUT_RETURN_TYPE = YES_ERROR;
				GCC_WARN_UNDECLARED_SELECTOR = YES;
				GCC_WARN_UNINITIALIZED_AUTOS = YES_AGGRESSIVE;
				GCC_WARN_UNUSED_FUNCTION = YES;
				GCC_WARN_UNUSED_VARIABLE = YES;
				IPHONEOS_DEPLOYMENT_TARGET = 8.1;
				MTL_ENABLE_DEBUG_INFO = NO;
				SDKROOT = iphoneos;
				VALIDATE_PRODUCT = YES;
			};
			name = Release;
		};
		FE1A59891AAFE32600CF37AA /* Debug */ = {
			isa = XCBuildConfiguration;
			buildSettings = {
				ASSETCATALOG_COMPILER_APPICON_NAME = AppIcon;
				INFOPLIST_FILE = NeuLocal/Info.plist;
				LD_RUNPATH_SEARCH_PATHS = "$(inherited) @executable_path/Frameworks";
				PRODUCT_NAME = "$(TARGET_NAME)";
			};
			name = Debug;
		};
		FE1A598A1AAFE32600CF37AA /* Release */ = {
			isa = XCBuildConfiguration;
			buildSettings = {
				ASSETCATALOG_COMPILER_APPICON_NAME = AppIcon;
				INFOPLIST_FILE = NeuLocal/Info.plist;
				LD_RUNPATH_SEARCH_PATHS = "$(inherited) @executable_path/Frameworks";
				PRODUCT_NAME = "$(TARGET_NAME)";
			};
			name = Release;
		};
		FE1A598C1AAFE32600CF37AA /* Debug */ = {
			isa = XCBuildConfiguration;
			buildSettings = {
				BUNDLE_LOADER = "$(TEST_HOST)";
				FRAMEWORK_SEARCH_PATHS = (
					"$(SDKROOT)/Developer/Library/Frameworks",
					"$(inherited)",
				);
				GCC_PREPROCESSOR_DEFINITIONS = (
					"DEBUG=1",
					"$(inherited)",
				);
				INFOPLIST_FILE = NeuLocalTests/Info.plist;
				LD_RUNPATH_SEARCH_PATHS = "$(inherited) @executable_path/Frameworks @loader_path/Frameworks";
				PRODUCT_NAME = "$(TARGET_NAME)";
				TEST_HOST = "$(BUILT_PRODUCTS_DIR)/NeuLocal.app/NeuLocal";
			};
			name = Debug;
		};
		FE1A598D1AAFE32600CF37AA /* Release */ = {
			isa = XCBuildConfiguration;
			buildSettings = {
				BUNDLE_LOADER = "$(TEST_HOST)";
				FRAMEWORK_SEARCH_PATHS = (
					"$(SDKROOT)/Developer/Library/Frameworks",
					"$(inherited)",
				);
				INFOPLIST_FILE = NeuLocalTests/Info.plist;
				LD_RUNPATH_SEARCH_PATHS = "$(inherited) @executable_path/Frameworks @loader_path/Frameworks";
				PRODUCT_NAME = "$(TARGET_NAME)";
				TEST_HOST = "$(BUILT_PRODUCTS_DIR)/NeuLocal.app/NeuLocal";
			};
			name = Release;
		};
/* End XCBuildConfiguration section */

/* Begin XCConfigurationList section */
		FE1A59601AAFE32500CF37AA /* Build configuration list for PBXProject "NeuLocal" */ = {
			isa = XCConfigurationList;
			buildConfigurations = (
				FE1A59861AAFE32600CF37AA /* Debug */,
				FE1A59871AAFE32600CF37AA /* Release */,
			);
			defaultConfigurationIsVisible = 0;
			defaultConfigurationName = Release;
		};
		FE1A59881AAFE32600CF37AA /* Build configuration list for PBXNativeTarget "NeuLocal" */ = {
			isa = XCConfigurationList;
			buildConfigurations = (
				FE1A59891AAFE32600CF37AA /* Debug */,
				FE1A598A1AAFE32600CF37AA /* Release */,
			);
			defaultConfigurationIsVisible = 0;
		};
		FE1A598B1AAFE32600CF37AA /* Build configuration list for PBXNativeTarget "NeuLocalTests" */ = {
			isa = XCConfigurationList;
			buildConfigurations = (
				FE1A598C1AAFE32600CF37AA /* Debug */,
				FE1A598D1AAFE32600CF37AA /* Release */,
			);
			defaultConfigurationIsVisible = 0;
		};
/* End XCConfigurationList section */
	};
	rootObject = FE1A595D1AAFE32500CF37AA /* Project object */;
}
